
Microsoft Visual Studio Solution File, Format Version 12.00
# Visual Studio 15
VisualStudioVersion = 15.0.28307.489
MinimumVisualStudioVersion = 10.0.40219.1
Project("{2150E333-8FDC-42A3-9474-1A3956D46DE8}") = "0 - Presentation", "0 - Presentation", "{C024D34E-E84F-4AA0-8D8E-A773B3EB9D13}"
EndProject
Project("{2150E333-8FDC-42A3-9474-1A3956D46DE8}") = "1 - Service", "1 - Service", "{15787D22-0A9F-4C35-A6E0-89876D347876}"
EndProject
Project("{2150E333-8FDC-42A3-9474-1A3956D46DE8}") = "2 - Application", "2 - Application", "{D98C89B3-52E2-4488-BDEF-2AD5FA326E9F}"
EndProject
Project("{2150E333-8FDC-42A3-9474-1A3956D46DE8}") = "3 - Domain", "3 - Domain", "{5BD7EF61-9208-4F2A-B087-BD661E33A399}"
EndProject
Project("{2150E333-8FDC-42A3-9474-1A3956D46DE8}") = "4 Data", "4 Data", "{7C7D6218-A771-4C7A-BB31-16480BB78600}"
EndProject
Project("{2150E333-8FDC-42A3-9474-1A3956D46DE8}") = "Interfaces", "Interfaces", "{CE1376EF-719E-479E-A91D-C47315E7ADF2}"
EndProject
Project("{2150E333-8FDC-42A3-9474-1A3956D46DE8}") = "4.2 - CrossCutting", "4.2 - CrossCutting", "{39F9D0B6-C343-43A9-B732-9F698836B365}"
EndProject
Project("{2150E333-8FDC-42A3-9474-1A3956D46DE8}") = "4.1 - Data", "4.1 - Data", "{6EA77C77-FAE3-454A-B26B-D72BE7FC6D70}"
EndProject
Project("{9A19103F-16F7-4668-BE54-9A1E7A4F7556}") = "Intervendas.Domain", "Intervendas.Domain\Intervendas.Domain.csproj", "{10F0AD7E-D596-4AEB-9EE5-3D4A12FD8331}"
EndProject
Project("{9A19103F-16F7-4668-BE54-9A1E7A4F7556}") = "Intervendas.MVC", "Intervendas.MVC\Intervendas.MVC.csproj", "{1DE7DE0E-552F-4A18-BDEB-7D5DC123EA8A}"
EndProject
Project("{9A19103F-16F7-4668-BE54-9A1E7A4F7556}") = "Intervendas.Data", "Intervendas.Data\Intervendas.Data.csproj", "{25FEF9B4-AB70-4AA9-93E5-E910B9FCC70B}"
EndProject
Project("{FAE04EC0-301F-11D3-BF4B-00C04F79EFBC}") = "InterVendas.CrossCutting.Identity", "InterVendas.CrossCutting.Identity\InterVendas.CrossCutting.Identity.csproj", "{C279006C-C195-4C31-AA38-813C5163966E}"
EndProject
Project("{FAE04EC0-301F-11D3-BF4B-00C04F79EFBC}") = "Intervendas.Desktop", "Intervendas.Desktop\Intervendas.Desktop.csproj", "{51C2F15B-4586-4790-85AC-7BB11EC05AB9}"
EndProject
Project("{FAE04EC0-301F-11D3-BF4B-00C04F79EFBC}") = "Intervendas.Api", "Intervendas.Api\Intervendas.Api.csproj", "{57CDAF66-BB39-4176-94A4-A24436DDB1BC}"
EndProject
Global
	GlobalSection(SolutionConfigurationPlatforms) = preSolution
		Debug|Any CPU = Debug|Any CPU
		Release|Any CPU = Release|Any CPU
	EndGlobalSection
	GlobalSection(ProjectConfigurationPlatforms) = postSolution
		{10F0AD7E-D596-4AEB-9EE5-3D4A12FD8331}.Debug|Any CPU.ActiveCfg = Debug|Any CPU
		{10F0AD7E-D596-4AEB-9EE5-3D4A12FD8331}.Debug|Any CPU.Build.0 = Debug|Any CPU
		{10F0AD7E-D596-4AEB-9EE5-3D4A12FD8331}.Release|Any CPU.ActiveCfg = Release|Any CPU
		{10F0AD7E-D596-4AEB-9EE5-3D4A12FD8331}.Release|Any CPU.Build.0 = Release|Any CPU
		{1DE7DE0E-552F-4A18-BDEB-7D5DC123EA8A}.Debug|Any CPU.ActiveCfg = Debug|Any CPU
		{1DE7DE0E-552F-4A18-BDEB-7D5DC123EA8A}.Debug|Any CPU.Build.0 = Debug|Any CPU
		{1DE7DE0E-552F-4A18-BDEB-7D5DC123EA8A}.Release|Any CPU.ActiveCfg = Release|Any CPU
		{1DE7DE0E-552F-4A18-BDEB-7D5DC123EA8A}.Release|Any CPU.Build.0 = Release|Any CPU
		{25FEF9B4-AB70-4AA9-93E5-E910B9FCC70B}.Debug|Any CPU.ActiveCfg = Debug|Any CPU
		{25FEF9B4-AB70-4AA9-93E5-E910B9FCC70B}.Debug|Any CPU.Build.0 = Debug|Any CPU
		{25FEF9B4-AB70-4AA9-93E5-E910B9FCC70B}.Release|Any CPU.ActiveCfg = Release|Any CPU
		{25FEF9B4-AB70-4AA9-93E5-E910B9FCC70B}.Release|Any CPU.Build.0 = Release|Any CPU
		{C279006C-C195-4C31-AA38-813C5163966E}.Debug|Any CPU.ActiveCfg = Debug|Any CPU
		{C279006C-C195-4C31-AA38-813C5163966E}.Debug|Any CPU.Build.0 = Debug|Any CPU
		{C279006C-C195-4C31-AA38-813C5163966E}.Release|Any CPU.ActiveCfg = Release|Any CPU
		{C279006C-C195-4C31-AA38-813C5163966E}.Release|Any CPU.Build.0 = Release|Any CPU
		{51C2F15B-4586-4790-85AC-7BB11EC05AB9}.Debug|Any CPU.ActiveCfg = Debug|Any CPU
		{51C2F15B-4586-4790-85AC-7BB11EC05AB9}.Debug|Any CPU.Build.0 = Debug|Any CPU
		{51C2F15B-4586-4790-85AC-7BB11EC05AB9}.Release|Any CPU.ActiveCfg = Release|Any CPU
		{51C2F15B-4586-4790-85AC-7BB11EC05AB9}.Release|Any CPU.Build.0 = Release|Any CPU
		{57CDAF66-BB39-4176-94A4-A24436DDB1BC}.Debug|Any CPU.ActiveCfg = Debug|Any CPU
		{57CDAF66-BB39-4176-94A4-A24436DDB1BC}.Debug|Any CPU.Build.0 = Debug|Any CPU
		{57CDAF66-BB39-4176-94A4-A24436DDB1BC}.Release|Any CPU.ActiveCfg = Release|Any CPU
		{57CDAF66-BB39-4176-94A4-A24436DDB1BC}.Release|Any CPU.Build.0 = Release|Any CPU
	EndGlobalSection
	GlobalSection(SolutionProperties) = preSolution
		HideSolutionNode = FALSE
	EndGlobalSection
	GlobalSection(NestedProjects) = preSolution
		{CE1376EF-719E-479E-A91D-C47315E7ADF2} = {D98C89B3-52E2-4488-BDEF-2AD5FA326E9F}
		{39F9D0B6-C343-43A9-B732-9F698836B365} = {7C7D6218-A771-4C7A-BB31-16480BB78600}
		{6EA77C77-FAE3-454A-B26B-D72BE7FC6D70} = {7C7D6218-A771-4C7A-BB31-16480BB78600}
		{10F0AD7E-D596-4AEB-9EE5-3D4A12FD8331} = {5BD7EF61-9208-4F2A-B087-BD661E33A399}
		{1DE7DE0E-552F-4A18-BDEB-7D5DC123EA8A} = {C024D34E-E84F-4AA0-8D8E-A773B3EB9D13}
		{25FEF9B4-AB70-4AA9-93E5-E910B9FCC70B} = {6EA77C77-FAE3-454A-B26B-D72BE7FC6D70}
		{C279006C-C195-4C31-AA38-813C5163966E} = {39F9D0B6-C343-43A9-B732-9F698836B365}
		{51C2F15B-4586-4790-85AC-7BB11EC05AB9} = {C024D34E-E84F-4AA0-8D8E-A773B3EB9D13}
		{57CDAF66-BB39-4176-94A4-A24436DDB1BC} = {C024D34E-E84F-4AA0-8D8E-A773B3EB9D13}
	EndGlobalSection
	GlobalSection(ExtensibilityGlobals) = postSolution
		SolutionGuid = {E08D1F52-CC81-4C4D-B961-E918324DDF03}
	EndGlobalSection
EndGlobal
